// !$*UTF8*$!
{
	archiveVersion = 1;
	classes = {
	};
	objectVersion = 46;
	objects = {

/* Begin PBXBuildFile section */
		C358B5041647BE590004537E /* LPLayerCell.m in Sources */ = {isa = PBXBuildFile; fileRef = C358B5031647BE590004537E /* LPLayerCell.m */; };
		C358B5061647BF290004537E /* LPLayerCell.xib in Resources */ = {isa = PBXBuildFile; fileRef = C358B5051647BF290004537E /* LPLayerCell.xib */; };
		C37DF7881651942A00AEAC0B /* LPDrawingManagerViewController.m in Sources */ = {isa = PBXBuildFile; fileRef = C37DF7861651942A00AEAC0B /* LPDrawingManagerViewController.m */; };
		C37DF7891651942A00AEAC0B /* LPDrawingManagerViewController.xib in Resources */ = {isa = PBXBuildFile; fileRef = C37DF7871651942A00AEAC0B /* LPDrawingManagerViewController.xib */; };
		C3801398164867DB003C27E3 /* UIViewController+XIBLoader.m in Sources */ = {isa = PBXBuildFile; fileRef = C3801397164867DB003C27E3 /* UIViewController+XIBLoader.m */; };
		C380B2E6165975A30082F30D /* LPHistoryManager.m in Sources */ = {isa = PBXBuildFile; fileRef = C380B2E5165975A30082F30D /* LPHistoryManager.m */; };
		C3818D34164E6AAF008620ED /* LPWorkAreaView.m in Sources */ = {isa = PBXBuildFile; fileRef = C3818D33164E6AAF008620ED /* LPWorkAreaView.m */; };
		C383B4C816479DDC00397907 /* LPLayersManagerViewController.m in Sources */ = {isa = PBXBuildFile; fileRef = C383B4C616479DDC00397907 /* LPLayersManagerViewController.m */; };
		C383B4C916479DDC00397907 /* LPLayersManagerViewController.xib in Resources */ = {isa = PBXBuildFile; fileRef = C383B4C716479DDC00397907 /* LPLayersManagerViewController.xib */; };
		C384B70316470FAB00A22AFD /* LPSmartLayerManager.m in Sources */ = {isa = PBXBuildFile; fileRef = C384B70216470FAB00A22AFD /* LPSmartLayerManager.m */; };
		C384B70C164716C900A22AFD /* LPSmartLayerDelegate.m in Sources */ = {isa = PBXBuildFile; fileRef = C384B70B164716C900A22AFD /* LPSmartLayerDelegate.m */; };
		C386643516713155006C2810 /* proj_icon.png in Resources */ = {isa = PBXBuildFile; fileRef = C386643316713155006C2810 /* proj_icon.png */; };
		C386643616713155006C2810 /* proj_icon@2x.png in Resources */ = {isa = PBXBuildFile; fileRef = C386643416713155006C2810 /* proj_icon@2x.png */; };
		C38716EE16537B2C005001A7 /* LPFileCollHeaderCell.m in Sources */ = {isa = PBXBuildFile; fileRef = C38716ED16537B2C005001A7 /* LPFileCollHeaderCell.m */; };
		C38716F016537B4E005001A7 /* LPFileCollHeaderCell.xib in Resources */ = {isa = PBXBuildFile; fileRef = C38716EF16537B4E005001A7 /* LPFileCollHeaderCell.xib */; };
		C3877A931652E9AD00208CAA /* LPFileCollCell.m in Sources */ = {isa = PBXBuildFile; fileRef = C3877A921652E9AD00208CAA /* LPFileCollCell.m */; };
		C3877A951652E9E000208CAA /* LPFileCollCell.xib in Resources */ = {isa = PBXBuildFile; fileRef = C3877A941652E9E000208CAA /* LPFileCollCell.xib */; };
		C3877A991652EE8E00208CAA /* LPFileManager.m in Sources */ = {isa = PBXBuildFile; fileRef = C3877A981652EE8E00208CAA /* LPFileManager.m */; };
		C3877A9D1652EF7B00208CAA /* LPFileInfo.m in Sources */ = {isa = PBXBuildFile; fileRef = C3877A9C1652EF7B00208CAA /* LPFileInfo.m */; };
		C391B56C1664AED500F914DB /* LPImagePickerViewController.m in Sources */ = {isa = PBXBuildFile; fileRef = C391B56B1664AED500F914DB /* LPImagePickerViewController.m */; };
		C3932FFF167A24FB00C13475 /* LPToolCollCell.m in Sources */ = {isa = PBXBuildFile; fileRef = C3932FFE167A24FB00C13475 /* LPToolCollCell.m */; };
		C3933003167A269A00C13475 /* LPToolCollCell.xib in Resources */ = {isa = PBXBuildFile; fileRef = C3933002167A269900C13475 /* LPToolCollCell.xib */; };
		C3933011167A2C3E00C13475 /* brush_tool.png in Resources */ = {isa = PBXBuildFile; fileRef = C3933004167A2C3E00C13475 /* brush_tool.png */; };
		C3933012167A2C3E00C13475 /* brush_tool@2x.png in Resources */ = {isa = PBXBuildFile; fileRef = C3933005167A2C3E00C13475 /* brush_tool@2x.png */; };
		C3933013167A2C3E00C13475 /* ellipse_tool.png in Resources */ = {isa = PBXBuildFile; fileRef = C3933006167A2C3E00C13475 /* ellipse_tool.png */; };
		C3933014167A2C3E00C13475 /* ellipse_tool@2x.png in Resources */ = {isa = PBXBuildFile; fileRef = C3933007167A2C3E00C13475 /* ellipse_tool@2x.png */; };
		C3933015167A2C3E00C13475 /* eraser_tool.png in Resources */ = {isa = PBXBuildFile; fileRef = C3933008167A2C3E00C13475 /* eraser_tool.png */; };
		C3933016167A2C3E00C13475 /* eraser_tool@2x.png in Resources */ = {isa = PBXBuildFile; fileRef = C3933009167A2C3E00C13475 /* eraser_tool@2x.png */; };
		C3933017167A2C3E00C13475 /* line_tool.png in Resources */ = {isa = PBXBuildFile; fileRef = C393300A167A2C3E00C13475 /* line_tool.png */; };
		C3933018167A2C3E00C13475 /* line_tool@2x.png in Resources */ = {isa = PBXBuildFile; fileRef = C393300B167A2C3E00C13475 /* line_tool@2x.png */; };
		C3933019167A2C3E00C13475 /* move_tool.png in Resources */ = {isa = PBXBuildFile; fileRef = C393300C167A2C3E00C13475 /* move_tool.png */; };
		C393301A167A2C3E00C13475 /* move_tool@2x.png in Resources */ = {isa = PBXBuildFile; fileRef = C393300D167A2C3E00C13475 /* move_tool@2x.png */; };
		C393301B167A2C3E00C13475 /* rect_tool.png in Resources */ = {isa = PBXBuildFile; fileRef = C393300E167A2C3E00C13475 /* rect_tool.png */; };
		C393301C167A2C3E00C13475 /* rect_tool@2x.png in Resources */ = {isa = PBXBuildFile; fileRef = C393300F167A2C3E00C13475 /* rect_tool@2x.png */; };
		C393301D167A2C3E00C13475 /* scale_tool@2x.png in Resources */ = {isa = PBXBuildFile; fileRef = C3933010167A2C3E00C13475 /* scale_tool@2x.png */; };
		C393301F167A2C4800C13475 /* scale_tool.png in Resources */ = {isa = PBXBuildFile; fileRef = C393301E167A2C4800C13475 /* scale_tool.png */; };
		C394D59D1653AB6B008A2A90 /* NSData+YBase64String.m in Sources */ = {isa = PBXBuildFile; fileRef = C394D5961653AB6B008A2A90 /* NSData+YBase64String.m */; settings = {COMPILER_FLAGS = "-fno-objc-arc"; }; };
		C394D59E1653AB6B008A2A90 /* NSString+YBase64toData.m in Sources */ = {isa = PBXBuildFile; fileRef = C394D5981653AB6B008A2A90 /* NSString+YBase64toData.m */; settings = {COMPILER_FLAGS = "-fno-objc-arc"; }; };
		C394D59F1653AB6B008A2A90 /* ybase64.c in Sources */ = {isa = PBXBuildFile; fileRef = C394D5991653AB6B008A2A90 /* ybase64.c */; settings = {COMPILER_FLAGS = "-fno-objc-arc"; }; };
		C39EF85B16778851006185EE /* accept_but.png in Resources */ = {isa = PBXBuildFile; fileRef = C39EF84F16778851006185EE /* accept_but.png */; };
		C39EF85C16778851006185EE /* accept_but@2x.png in Resources */ = {isa = PBXBuildFile; fileRef = C39EF85016778851006185EE /* accept_but@2x.png */; };
		C39EF85D16778851006185EE /* cancel_but.png in Resources */ = {isa = PBXBuildFile; fileRef = C39EF85116778851006185EE /* cancel_but.png */; };
		C39EF85E16778851006185EE /* cancel_but@2x.png in Resources */ = {isa = PBXBuildFile; fileRef = C39EF85216778851006185EE /* cancel_but@2x.png */; };
		C39EF85F16778851006185EE /* editor_topbar_bg.png in Resources */ = {isa = PBXBuildFile; fileRef = C39EF85316778851006185EE /* editor_topbar_bg.png */; };
		C39EF86016778851006185EE /* editor_topbar_bg@2x.png in Resources */ = {isa = PBXBuildFile; fileRef = C39EF85416778851006185EE /* editor_topbar_bg@2x.png */; };
		C39EF86116778851006185EE /* layer_man_icon.png in Resources */ = {isa = PBXBuildFile; fileRef = C39EF85516778851006185EE /* layer_man_icon.png */; };
		C39EF86216778851006185EE /* layer_man_icon@2x.png in Resources */ = {isa = PBXBuildFile; fileRef = C39EF85616778851006185EE /* layer_man_icon@2x.png */; };
		C39EF86316778851006185EE /* scale_bg.png in Resources */ = {isa = PBXBuildFile; fileRef = C39EF85716778851006185EE /* scale_bg.png */; };
		C39EF86416778851006185EE /* scale_bg@2x.png in Resources */ = {isa = PBXBuildFile; fileRef = C39EF85816778851006185EE /* scale_bg@2x.png */; };
		C39EF86516778851006185EE /* tools_icon.png in Resources */ = {isa = PBXBuildFile; fileRef = C39EF85916778851006185EE /* tools_icon.png */; };
		C39EF86616778851006185EE /* tools_icon@2x.png in Resources */ = {isa = PBXBuildFile; fileRef = C39EF85A16778851006185EE /* tools_icon@2x.png */; };
		C3A73859166F84E0005AD0F5 /* new_btn_selected.png in Resources */ = {isa = PBXBuildFile; fileRef = C3A73851166F84E0005AD0F5 /* new_btn_selected.png */; };
		C3A7385A166F84E0005AD0F5 /* new_btn_selected@2x.png in Resources */ = {isa = PBXBuildFile; fileRef = C3A73852166F84E0005AD0F5 /* new_btn_selected@2x.png */; };
		C3A7385B166F84E0005AD0F5 /* new_btn_unselected.png in Resources */ = {isa = PBXBuildFile; fileRef = C3A73853166F84E0005AD0F5 /* new_btn_unselected.png */; };
		C3A7385C166F84E0005AD0F5 /* new_btn_unselected@2x.png in Resources */ = {isa = PBXBuildFile; fileRef = C3A73854166F84E0005AD0F5 /* new_btn_unselected@2x.png */; };
		C3A7385D166F84E0005AD0F5 /* open_btn_selected.png in Resources */ = {isa = PBXBuildFile; fileRef = C3A73855166F84E0005AD0F5 /* open_btn_selected.png */; };
		C3A7385E166F84E0005AD0F5 /* open_btn_selected@2x.png in Resources */ = {isa = PBXBuildFile; fileRef = C3A73856166F84E0005AD0F5 /* open_btn_selected@2x.png */; };
		C3A7385F166F84E0005AD0F5 /* open_btn_unselected.png in Resources */ = {isa = PBXBuildFile; fileRef = C3A73857166F84E0005AD0F5 /* open_btn_unselected.png */; };
		C3A73860166F84E0005AD0F5 /* open_btn_unselected@2x.png in Resources */ = {isa = PBXBuildFile; fileRef = C3A73858166F84E0005AD0F5 /* open_btn_unselected@2x.png */; };
		C3A73863166F853E005AD0F5 /* main_back.png in Resources */ = {isa = PBXBuildFile; fileRef = C3A73861166F853E005AD0F5 /* main_back.png */; };
		C3A73864166F853E005AD0F5 /* main_back@2x.png in Resources */ = {isa = PBXBuildFile; fileRef = C3A73862166F853E005AD0F5 /* main_back@2x.png */; };
		E101C3F0166CFB5D00A9F0E2 /* LPGalleryViewController.m in Sources */ = {isa = PBXBuildFile; fileRef = E101C3EE166CFB5D00A9F0E2 /* LPGalleryViewController.m */; };
		E101C3F1166CFB5D00A9F0E2 /* LPGalleryViewController.xib in Resources */ = {isa = PBXBuildFile; fileRef = E101C3EF166CFB5D00A9F0E2 /* LPGalleryViewController.xib */; };
		E101C3F5166CFBA200A9F0E2 /* LPHomeViewController.m in Sources */ = {isa = PBXBuildFile; fileRef = E101C3F3166CFBA200A9F0E2 /* LPHomeViewController.m */; };
		E101C3F6166CFBA200A9F0E2 /* LPHomeViewController.xib in Resources */ = {isa = PBXBuildFile; fileRef = E101C3F4166CFBA200A9F0E2 /* LPHomeViewController.xib */; };
		E112F2E4165A7EEE0005F559 /* TBXML.m in Sources */ = {isa = PBXBuildFile; fileRef = E112F2E1165A7EEE0005F559 /* TBXML.m */; };
		E12578511642686C00119C0E /* UIKit.framework in Frameworks */ = {isa = PBXBuildFile; fileRef = E12578501642686C00119C0E /* UIKit.framework */; };
		E12578531642686C00119C0E /* Foundation.framework in Frameworks */ = {isa = PBXBuildFile; fileRef = E12578521642686C00119C0E /* Foundation.framework */; };
		E12578551642686C00119C0E /* CoreGraphics.framework in Frameworks */ = {isa = PBXBuildFile; fileRef = E12578541642686C00119C0E /* CoreGraphics.framework */; };
		E125785B1642686C00119C0E /* InfoPlist.strings in Resources */ = {isa = PBXBuildFile; fileRef = E12578591642686C00119C0E /* InfoPlist.strings */; };
		E125785D1642686C00119C0E /* main.m in Sources */ = {isa = PBXBuildFile; fileRef = E125785C1642686C00119C0E /* main.m */; };
		E12578611642686C00119C0E /* LPAppDelegate.m in Sources */ = {isa = PBXBuildFile; fileRef = E12578601642686C00119C0E /* LPAppDelegate.m */; };
		E12578631642686C00119C0E /* Default.png in Resources */ = {isa = PBXBuildFile; fileRef = E12578621642686C00119C0E /* Default.png */; };
		E12578651642686C00119C0E /* Default@2x.png in Resources */ = {isa = PBXBuildFile; fileRef = E12578641642686C00119C0E /* Default@2x.png */; };
		E12578671642686C00119C0E /* Default-568h@2x.png in Resources */ = {isa = PBXBuildFile; fileRef = E12578661642686C00119C0E /* Default-568h@2x.png */; };
		E1257894164271ED00119C0E /* LPNavigationController.m in Sources */ = {isa = PBXBuildFile; fileRef = E1257893164271ED00119C0E /* LPNavigationController.m */; };
		E12578A11642790500119C0E /* LPOpenedProjectViewController.m in Sources */ = {isa = PBXBuildFile; fileRef = E125789F1642790500119C0E /* LPOpenedProjectViewController.m */; };
		E12578A21642790500119C0E /* LPOpenedProjectViewController.xib in Resources */ = {isa = PBXBuildFile; fileRef = E12578A01642790500119C0E /* LPOpenedProjectViewController.xib */; };
		E12578AF16429B3200119C0E /* LPSmartLayer.m in Sources */ = {isa = PBXBuildFile; fileRef = E12578AE16429B3200119C0E /* LPSmartLayer.m */; };
		E12578B116429F3C00119C0E /* QuartzCore.framework in Frameworks */ = {isa = PBXBuildFile; fileRef = E12578B016429F3C00119C0E /* QuartzCore.framework */; };
		E16311BC1670CF1800DA3EA8 /* LPProjectCell.m in Sources */ = {isa = PBXBuildFile; fileRef = E16311BB1670CF1800DA3EA8 /* LPProjectCell.m */; };
		E16311BE1670CF3500DA3EA8 /* LPProjectCell.xib in Resources */ = {isa = PBXBuildFile; fileRef = E16311BD1670CF3500DA3EA8 /* LPProjectCell.xib */; };
		E16311C11670D18B00DA3EA8 /* del_project.png in Resources */ = {isa = PBXBuildFile; fileRef = E16311BF1670D18B00DA3EA8 /* del_project.png */; };
		E16311C21670D18B00DA3EA8 /* del_project@2x.png in Resources */ = {isa = PBXBuildFile; fileRef = E16311C01670D18B00DA3EA8 /* del_project@2x.png */; };
		E16311C61670D7BD00DA3EA8 /* LPLayerData.m in Sources */ = {isa = PBXBuildFile; fileRef = E16311C51670D7BD00DA3EA8 /* LPLayerData.m */; };
		E17C7A8616515B33009202BA /* LPCloseProjectDialogViewController.m in Sources */ = {isa = PBXBuildFile; fileRef = E17C7A8416515B33009202BA /* LPCloseProjectDialogViewController.m */; };
		E17C7A8716515B33009202BA /* LPCloseProjectDialogViewController.xib in Resources */ = {isa = PBXBuildFile; fileRef = E17C7A8516515B33009202BA /* LPCloseProjectDialogViewController.xib */; };
/* End PBXBuildFile section */

/* Begin PBXFileReference section */
		C358B5021647BE590004537E /* LPLayerCell.h */ = {isa = PBXFileReference; fileEncoding = 4; lastKnownFileType = sourcecode.c.h; name = LPLayerCell.h; path = Classes/Cells/LayerCell/LPLayerCell.h; sourceTree = "<group>"; };
		C358B5031647BE590004537E /* LPLayerCell.m */ = {isa = PBXFileReference; fileEncoding = 4; lastKnownFileType = sourcecode.c.objc; name = LPLayerCell.m; path = Classes/Cells/LayerCell/LPLayerCell.m; sourceTree = "<group>"; };
		C358B5051647BF290004537E /* LPLayerCell.xib */ = {isa = PBXFileReference; fileEncoding = 4; lastKnownFileType = file.xib; path = LPLayerCell.xib; sourceTree = "<group>"; };
		C37DF7851651942A00AEAC0B /* LPDrawingManagerViewController.h */ = {isa = PBXFileReference; fileEncoding = 4; lastKnownFileType = sourcecode.c.h; name = LPDrawingManagerViewController.h; path = Classes/ViewControllers/DrawingManager/LPDrawingManagerViewController.h; sourceTree = "<group>"; };
		C37DF7861651942A00AEAC0B /* LPDrawingManagerViewController.m */ = {isa = PBXFileReference; fileEncoding = 4; lastKnownFileType = sourcecode.c.objc; name = LPDrawingManagerViewController.m; path = Classes/ViewControllers/DrawingManager/LPDrawingManagerViewController.m; sourceTree = "<group>"; };
		C37DF7871651942A00AEAC0B /* LPDrawingManagerViewController.xib */ = {isa = PBXFileReference; fileEncoding = 4; lastKnownFileType = file.xib; name = LPDrawingManagerViewController.xib; path = Classes/ViewControllers/DrawingManager/LPDrawingManagerViewController.xib; sourceTree = "<group>"; };
		C3801396164867DB003C27E3 /* UIViewController+XIBLoader.h */ = {isa = PBXFileReference; fileEncoding = 4; lastKnownFileType = sourcecode.c.h; name = "UIViewController+XIBLoader.h"; path = "Classes/Categories/UIViewController+XIBLoader.h"; sourceTree = "<group>"; };
		C3801397164867DB003C27E3 /* UIViewController+XIBLoader.m */ = {isa = PBXFileReference; fileEncoding = 4; lastKnownFileType = sourcecode.c.objc; name = "UIViewController+XIBLoader.m"; path = "Classes/Categories/UIViewController+XIBLoader.m"; sourceTree = "<group>"; };
		C380B2E4165975A30082F30D /* LPHistoryManager.h */ = {isa = PBXFileReference; fileEncoding = 4; lastKnownFileType = sourcecode.c.h; name = LPHistoryManager.h; path = Classes/Model/HistoryManager/LPHistoryManager.h; sourceTree = "<group>"; };
		C380B2E5165975A30082F30D /* LPHistoryManager.m */ = {isa = PBXFileReference; fileEncoding = 4; lastKnownFileType = sourcecode.c.objc; name = LPHistoryManager.m; path = Classes/Model/HistoryManager/LPHistoryManager.m; sourceTree = "<group>"; };
		C3818D32164E6AAF008620ED /* LPWorkAreaView.h */ = {isa = PBXFileReference; fileEncoding = 4; lastKnownFileType = sourcecode.c.h; name = LPWorkAreaView.h; path = Classes/Views/WorkAreaView/LPWorkAreaView.h; sourceTree = "<group>"; };
		C3818D33164E6AAF008620ED /* LPWorkAreaView.m */ = {isa = PBXFileReference; fileEncoding = 4; lastKnownFileType = sourcecode.c.objc; name = LPWorkAreaView.m; path = Classes/Views/WorkAreaView/LPWorkAreaView.m; sourceTree = "<group>"; };
		C383B4C516479DDC00397907 /* LPLayersManagerViewController.h */ = {isa = PBXFileReference; fileEncoding = 4; lastKnownFileType = sourcecode.c.h; name = LPLayersManagerViewController.h; path = Classes/ViewControllers/LayerManager/LPLayersManagerViewController.h; sourceTree = "<group>"; };
		C383B4C616479DDC00397907 /* LPLayersManagerViewController.m */ = {isa = PBXFileReference; fileEncoding = 4; lastKnownFileType = sourcecode.c.objc; name = LPLayersManagerViewController.m; path = Classes/ViewControllers/LayerManager/LPLayersManagerViewController.m; sourceTree = "<group>"; };
		C383B4C716479DDC00397907 /* LPLayersManagerViewController.xib */ = {isa = PBXFileReference; fileEncoding = 4; lastKnownFileType = file.xib; name = LPLayersManagerViewController.xib; path = Classes/ViewControllers/LayerManager/LPLayersManagerViewController.xib; sourceTree = "<group>"; };
		C384B70116470FAB00A22AFD /* LPSmartLayerManager.h */ = {isa = PBXFileReference; fileEncoding = 4; lastKnownFileType = sourcecode.c.h; name = LPSmartLayerManager.h; path = Classes/Model/SmartLayerManager/LPSmartLayerManager.h; sourceTree = "<group>"; };
		C384B70216470FAB00A22AFD /* LPSmartLayerManager.m */ = {isa = PBXFileReference; fileEncoding = 4; lastKnownFileType = sourcecode.c.objc; name = LPSmartLayerManager.m; path = Classes/Model/SmartLayerManager/LPSmartLayerManager.m; sourceTree = "<group>"; };
		C384B70A164716C900A22AFD /* LPSmartLayerDelegate.h */ = {isa = PBXFileReference; fileEncoding = 4; lastKnownFileType = sourcecode.c.h; name = LPSmartLayerDelegate.h; path = Classes/Model/SmartLayerDelegate/LPSmartLayerDelegate.h; sourceTree = "<group>"; };
		C384B70B164716C900A22AFD /* LPSmartLayerDelegate.m */ = {isa = PBXFileReference; fileEncoding = 4; lastKnownFileType = sourcecode.c.objc; name = LPSmartLayerDelegate.m; path = Classes/Model/SmartLayerDelegate/LPSmartLayerDelegate.m; sourceTree = "<group>"; };
		C386643316713155006C2810 /* proj_icon.png */ = {isa = PBXFileReference; lastKnownFileType = image.png; name = proj_icon.png; path = Images/proj_icon.png; sourceTree = "<group>"; };
		C386643416713155006C2810 /* proj_icon@2x.png */ = {isa = PBXFileReference; lastKnownFileType = image.png; name = "proj_icon@2x.png"; path = "Images/proj_icon@2x.png"; sourceTree = "<group>"; };
		C38716EC16537B2C005001A7 /* LPFileCollHeaderCell.h */ = {isa = PBXFileReference; fileEncoding = 4; lastKnownFileType = sourcecode.c.h; name = LPFileCollHeaderCell.h; path = Classes/Cells/FileCollHeaderCell/LPFileCollHeaderCell.h; sourceTree = "<group>"; };
		C38716ED16537B2C005001A7 /* LPFileCollHeaderCell.m */ = {isa = PBXFileReference; fileEncoding = 4; lastKnownFileType = sourcecode.c.objc; name = LPFileCollHeaderCell.m; path = Classes/Cells/FileCollHeaderCell/LPFileCollHeaderCell.m; sourceTree = "<group>"; };
		C38716EF16537B4E005001A7 /* LPFileCollHeaderCell.xib */ = {isa = PBXFileReference; fileEncoding = 4; lastKnownFileType = file.xib; name = LPFileCollHeaderCell.xib; path = Classes/Cells/FileCollHeaderCell/LPFileCollHeaderCell.xib; sourceTree = "<group>"; };
		C3877A911652E9AD00208CAA /* LPFileCollCell.h */ = {isa = PBXFileReference; fileEncoding = 4; lastKnownFileType = sourcecode.c.h; name = LPFileCollCell.h; path = Classes/Cells/FileCollCell/LPFileCollCell.h; sourceTree = "<group>"; };
		C3877A921652E9AD00208CAA /* LPFileCollCell.m */ = {isa = PBXFileReference; fileEncoding = 4; lastKnownFileType = sourcecode.c.objc; name = LPFileCollCell.m; path = Classes/Cells/FileCollCell/LPFileCollCell.m; sourceTree = "<group>"; };
		C3877A941652E9E000208CAA /* LPFileCollCell.xib */ = {isa = PBXFileReference; fileEncoding = 4; lastKnownFileType = file.xib; name = LPFileCollCell.xib; path = Classes/Cells/FileCollCell/LPFileCollCell.xib; sourceTree = "<group>"; };
		C3877A971652EE8E00208CAA /* LPFileManager.h */ = {isa = PBXFileReference; fileEncoding = 4; lastKnownFileType = sourcecode.c.h; name = LPFileManager.h; path = Classes/Model/FileManager/LPFileManager.h; sourceTree = "<group>"; };
		C3877A981652EE8E00208CAA /* LPFileManager.m */ = {isa = PBXFileReference; fileEncoding = 4; lastKnownFileType = sourcecode.c.objc; name = LPFileManager.m; path = Classes/Model/FileManager/LPFileManager.m; sourceTree = "<group>"; };
		C3877A9B1652EF7B00208CAA /* LPFileInfo.h */ = {isa = PBXFileReference; fileEncoding = 4; lastKnownFileType = sourcecode.c.h; name = LPFileInfo.h; path = Classes/Model/FileInfo/LPFileInfo.h; sourceTree = "<group>"; };
		C3877A9C1652EF7B00208CAA /* LPFileInfo.m */ = {isa = PBXFileReference; fileEncoding = 4; lastKnownFileType = sourcecode.c.objc; name = LPFileInfo.m; path = Classes/Model/FileInfo/LPFileInfo.m; sourceTree = "<group>"; };
		C391B56A1664AED500F914DB /* LPImagePickerViewController.h */ = {isa = PBXFileReference; fileEncoding = 4; lastKnownFileType = sourcecode.c.h; name = LPImagePickerViewController.h; path = Classes/ViewControllers/ImagePicker/LPImagePickerViewController.h; sourceTree = "<group>"; };
		C391B56B1664AED500F914DB /* LPImagePickerViewController.m */ = {isa = PBXFileReference; fileEncoding = 4; lastKnownFileType = sourcecode.c.objc; name = LPImagePickerViewController.m; path = Classes/ViewControllers/ImagePicker/LPImagePickerViewController.m; sourceTree = "<group>"; };
		C3932FFD167A24FB00C13475 /* LPToolCollCell.h */ = {isa = PBXFileReference; fileEncoding = 4; lastKnownFileType = sourcecode.c.h; name = LPToolCollCell.h; path = Classes/Cells/ToolCell/LPToolCollCell.h; sourceTree = "<group>"; };
		C3932FFE167A24FB00C13475 /* LPToolCollCell.m */ = {isa = PBXFileReference; fileEncoding = 4; lastKnownFileType = sourcecode.c.objc; name = LPToolCollCell.m; path = Classes/Cells/ToolCell/LPToolCollCell.m; sourceTree = "<group>"; };
		C3933002167A269900C13475 /* LPToolCollCell.xib */ = {isa = PBXFileReference; fileEncoding = 4; lastKnownFileType = file.xib; name = LPToolCollCell.xib; path = Classes/Cells/ToolCell/LPToolCollCell.xib; sourceTree = "<group>"; };
		C3933004167A2C3E00C13475 /* brush_tool.png */ = {isa = PBXFileReference; lastKnownFileType = image.png; name = brush_tool.png; path = Images/brush_tool.png; sourceTree = "<group>"; };
		C3933005167A2C3E00C13475 /* brush_tool@2x.png */ = {isa = PBXFileReference; lastKnownFileType = image.png; name = "brush_tool@2x.png"; path = "Images/brush_tool@2x.png"; sourceTree = "<group>"; };
		C3933006167A2C3E00C13475 /* ellipse_tool.png */ = {isa = PBXFileReference; lastKnownFileType = image.png; name = ellipse_tool.png; path = Images/ellipse_tool.png; sourceTree = "<group>"; };
		C3933007167A2C3E00C13475 /* ellipse_tool@2x.png */ = {isa = PBXFileReference; lastKnownFileType = image.png; name = "ellipse_tool@2x.png"; path = "Images/ellipse_tool@2x.png"; sourceTree = "<group>"; };
		C3933008167A2C3E00C13475 /* eraser_tool.png */ = {isa = PBXFileReference; lastKnownFileType = image.png; name = eraser_tool.png; path = Images/eraser_tool.png; sourceTree = "<group>"; };
		C3933009167A2C3E00C13475 /* eraser_tool@2x.png */ = {isa = PBXFileReference; lastKnownFileType = image.png; name = "eraser_tool@2x.png"; path = "Images/eraser_tool@2x.png"; sourceTree = "<group>"; };
		C393300A167A2C3E00C13475 /* line_tool.png */ = {isa = PBXFileReference; lastKnownFileType = image.png; name = line_tool.png; path = Images/line_tool.png; sourceTree = "<group>"; };
		C393300B167A2C3E00C13475 /* line_tool@2x.png */ = {isa = PBXFileReference; lastKnownFileType = image.png; name = "line_tool@2x.png"; path = "Images/line_tool@2x.png"; sourceTree = "<group>"; };
		C393300C167A2C3E00C13475 /* move_tool.png */ = {isa = PBXFileReference; lastKnownFileType = image.png; name = move_tool.png; path = Images/move_tool.png; sourceTree = "<group>"; };
		C393300D167A2C3E00C13475 /* move_tool@2x.png */ = {isa = PBXFileReference; lastKnownFileType = image.png; name = "move_tool@2x.png"; path = "Images/move_tool@2x.png"; sourceTree = "<group>"; };
		C393300E167A2C3E00C13475 /* rect_tool.png */ = {isa = PBXFileReference; lastKnownFileType = image.png; name = rect_tool.png; path = Images/rect_tool.png; sourceTree = "<group>"; };
		C393300F167A2C3E00C13475 /* rect_tool@2x.png */ = {isa = PBXFileReference; lastKnownFileType = image.png; name = "rect_tool@2x.png"; path = "Images/rect_tool@2x.png"; sourceTree = "<group>"; };
		C3933010167A2C3E00C13475 /* scale_tool@2x.png */ = {isa = PBXFileReference; lastKnownFileType = image.png; name = "scale_tool@2x.png"; path = "Images/scale_tool@2x.png"; sourceTree = "<group>"; };
		C393301E167A2C4800C13475 /* scale_tool.png */ = {isa = PBXFileReference; lastKnownFileType = image.png; name = scale_tool.png; path = Images/scale_tool.png; sourceTree = "<group>"; };
		C394D5951653AB6B008A2A90 /* NSData+YBase64String.h */ = {isa = PBXFileReference; fileEncoding = 4; lastKnownFileType = sourcecode.c.h; name = "NSData+YBase64String.h"; path = "Classes/External/ybase64/NSData+YBase64String.h"; sourceTree = "<group>"; };
		C394D5961653AB6B008A2A90 /* NSData+YBase64String.m */ = {isa = PBXFileReference; fileEncoding = 4; lastKnownFileType = sourcecode.c.objc; name = "NSData+YBase64String.m"; path = "Classes/External/ybase64/NSData+YBase64String.m"; sourceTree = "<group>"; };
		C394D5971653AB6B008A2A90 /* NSString+YBase64toData.h */ = {isa = PBXFileReference; fileEncoding = 4; lastKnownFileType = sourcecode.c.h; name = "NSString+YBase64toData.h"; path = "Classes/External/ybase64/NSString+YBase64toData.h"; sourceTree = "<group>"; };
		C394D5981653AB6B008A2A90 /* NSString+YBase64toData.m */ = {isa = PBXFileReference; fileEncoding = 4; lastKnownFileType = sourcecode.c.objc; name = "NSString+YBase64toData.m"; path = "Classes/External/ybase64/NSString+YBase64toData.m"; sourceTree = "<group>"; };
		C394D5991653AB6B008A2A90 /* ybase64.c */ = {isa = PBXFileReference; fileEncoding = 4; lastKnownFileType = sourcecode.c.c; name = ybase64.c; path = Classes/External/ybase64/ybase64.c; sourceTree = "<group>"; };
		C394D59A1653AB6B008A2A90 /* ybase64.h */ = {isa = PBXFileReference; fileEncoding = 4; lastKnownFileType = sourcecode.c.h; name = ybase64.h; path = Classes/External/ybase64/ybase64.h; sourceTree = "<group>"; };
		C394D59B1653AB6B008A2A90 /* ybase64additions.h */ = {isa = PBXFileReference; fileEncoding = 4; lastKnownFileType = sourcecode.c.h; name = ybase64additions.h; path = Classes/External/ybase64/ybase64additions.h; sourceTree = "<group>"; };
		C394D59C1653AB6B008A2A90 /* ydefines.h */ = {isa = PBXFileReference; fileEncoding = 4; lastKnownFileType = sourcecode.c.h; name = ydefines.h; path = Classes/External/ybase64/ydefines.h; sourceTree = "<group>"; };
		C39EF84F16778851006185EE /* accept_but.png */ = {isa = PBXFileReference; lastKnownFileType = image.png; name = accept_but.png; path = Images/accept_but.png; sourceTree = "<group>"; };
		C39EF85016778851006185EE /* accept_but@2x.png */ = {isa = PBXFileReference; lastKnownFileType = image.png; name = "accept_but@2x.png"; path = "Images/accept_but@2x.png"; sourceTree = "<group>"; };
		C39EF85116778851006185EE /* cancel_but.png */ = {isa = PBXFileReference; lastKnownFileType = image.png; name = cancel_but.png; path = Images/cancel_but.png; sourceTree = "<group>"; };
		C39EF85216778851006185EE /* cancel_but@2x.png */ = {isa = PBXFileReference; lastKnownFileType = image.png; name = "cancel_but@2x.png"; path = "Images/cancel_but@2x.png"; sourceTree = "<group>"; };
		C39EF85316778851006185EE /* editor_topbar_bg.png */ = {isa = PBXFileReference; lastKnownFileType = image.png; name = editor_topbar_bg.png; path = Images/editor_topbar_bg.png; sourceTree = "<group>"; };
		C39EF85416778851006185EE /* editor_topbar_bg@2x.png */ = {isa = PBXFileReference; lastKnownFileType = image.png; name = "editor_topbar_bg@2x.png"; path = "Images/editor_topbar_bg@2x.png"; sourceTree = "<group>"; };
		C39EF85516778851006185EE /* layer_man_icon.png */ = {isa = PBXFileReference; lastKnownFileType = image.png; name = layer_man_icon.png; path = Images/layer_man_icon.png; sourceTree = "<group>"; };
		C39EF85616778851006185EE /* layer_man_icon@2x.png */ = {isa = PBXFileReference; lastKnownFileType = image.png; name = "layer_man_icon@2x.png"; path = "Images/layer_man_icon@2x.png"; sourceTree = "<group>"; };
		C39EF85716778851006185EE /* scale_bg.png */ = {isa = PBXFileReference; lastKnownFileType = image.png; name = scale_bg.png; path = Images/scale_bg.png; sourceTree = "<group>"; };
		C39EF85816778851006185EE /* scale_bg@2x.png */ = {isa = PBXFileReference; lastKnownFileType = image.png; name = "scale_bg@2x.png"; path = "Images/scale_bg@2x.png"; sourceTree = "<group>"; };
		C39EF85916778851006185EE /* tools_icon.png */ = {isa = PBXFileReference; lastKnownFileType = image.png; name = tools_icon.png; path = Images/tools_icon.png; sourceTree = "<group>"; };
		C39EF85A16778851006185EE /* tools_icon@2x.png */ = {isa = PBXFileReference; lastKnownFileType = image.png; name = "tools_icon@2x.png"; path = "Images/tools_icon@2x.png"; sourceTree = "<group>"; };
		C3A73851166F84E0005AD0F5 /* new_btn_selected.png */ = {isa = PBXFileReference; lastKnownFileType = image.png; name = new_btn_selected.png; path = Images/new_btn_selected.png; sourceTree = "<group>"; };
		C3A73852166F84E0005AD0F5 /* new_btn_selected@2x.png */ = {isa = PBXFileReference; lastKnownFileType = image.png; name = "new_btn_selected@2x.png"; path = "Images/new_btn_selected@2x.png"; sourceTree = "<group>"; };
		C3A73853166F84E0005AD0F5 /* new_btn_unselected.png */ = {isa = PBXFileReference; lastKnownFileType = image.png; name = new_btn_unselected.png; path = Images/new_btn_unselected.png; sourceTree = "<group>"; };
		C3A73854166F84E0005AD0F5 /* new_btn_unselected@2x.png */ = {isa = PBXFileReference; lastKnownFileType = image.png; name = "new_btn_unselected@2x.png"; path = "Images/new_btn_unselected@2x.png"; sourceTree = "<group>"; };
		C3A73855166F84E0005AD0F5 /* open_btn_selected.png */ = {isa = PBXFileReference; lastKnownFileType = image.png; name = open_btn_selected.png; path = Images/open_btn_selected.png; sourceTree = "<group>"; };
		C3A73856166F84E0005AD0F5 /* open_btn_selected@2x.png */ = {isa = PBXFileReference; lastKnownFileType = image.png; name = "open_btn_selected@2x.png"; path = "Images/open_btn_selected@2x.png"; sourceTree = "<group>"; };
		C3A73857166F84E0005AD0F5 /* open_btn_unselected.png */ = {isa = PBXFileReference; lastKnownFileType = image.png; name = open_btn_unselected.png; path = Images/open_btn_unselected.png; sourceTree = "<group>"; };
		C3A73858166F84E0005AD0F5 /* open_btn_unselected@2x.png */ = {isa = PBXFileReference; lastKnownFileType = image.png; name = "open_btn_unselected@2x.png"; path = "Images/open_btn_unselected@2x.png"; sourceTree = "<group>"; };
		C3A73861166F853E005AD0F5 /* main_back.png */ = {isa = PBXFileReference; lastKnownFileType = image.png; name = main_back.png; path = Images/main_back.png; sourceTree = "<group>"; };
		C3A73862166F853E005AD0F5 /* main_back@2x.png */ = {isa = PBXFileReference; lastKnownFileType = image.png; name = "main_back@2x.png"; path = "Images/main_back@2x.png"; sourceTree = "<group>"; };
		E101C3ED166CFB5D00A9F0E2 /* LPGalleryViewController.h */ = {isa = PBXFileReference; fileEncoding = 4; lastKnownFileType = sourcecode.c.h; name = LPGalleryViewController.h; path = Classes/ViewControllers/Gallery/LPGalleryViewController.h; sourceTree = "<group>"; };
		E101C3EE166CFB5D00A9F0E2 /* LPGalleryViewController.m */ = {isa = PBXFileReference; fileEncoding = 4; lastKnownFileType = sourcecode.c.objc; name = LPGalleryViewController.m; path = Classes/ViewControllers/Gallery/LPGalleryViewController.m; sourceTree = "<group>"; };
		E101C3EF166CFB5D00A9F0E2 /* LPGalleryViewController.xib */ = {isa = PBXFileReference; fileEncoding = 4; lastKnownFileType = file.xib; name = LPGalleryViewController.xib; path = Classes/ViewControllers/Gallery/LPGalleryViewController.xib; sourceTree = "<group>"; };
		E101C3F2166CFBA200A9F0E2 /* LPHomeViewController.h */ = {isa = PBXFileReference; fileEncoding = 4; lastKnownFileType = sourcecode.c.h; name = LPHomeViewController.h; path = Classes/ViewControllers/Home/LPHomeViewController.h; sourceTree = "<group>"; };
		E101C3F3166CFBA200A9F0E2 /* LPHomeViewController.m */ = {isa = PBXFileReference; fileEncoding = 4; lastKnownFileType = sourcecode.c.objc; name = LPHomeViewController.m; path = Classes/ViewControllers/Home/LPHomeViewController.m; sourceTree = "<group>"; };
		E101C3F4166CFBA200A9F0E2 /* LPHomeViewController.xib */ = {isa = PBXFileReference; fileEncoding = 4; lastKnownFileType = file.xib; name = LPHomeViewController.xib; path = Classes/ViewControllers/Home/LPHomeViewController.xib; sourceTree = "<group>"; };
		E112F2E0165A7EEE0005F559 /* TBXML.h */ = {isa = PBXFileReference; fileEncoding = 4; lastKnownFileType = sourcecode.c.h; name = TBXML.h; path = Classes/External/TBXML/TBXML.h; sourceTree = "<group>"; };
		E112F2E1165A7EEE0005F559 /* TBXML.m */ = {isa = PBXFileReference; fileEncoding = 4; lastKnownFileType = sourcecode.c.objc; name = TBXML.m; path = Classes/External/TBXML/TBXML.m; sourceTree = "<group>"; };
		E125784C1642686C00119C0E /* LynxPainter.app */ = {isa = PBXFileReference; explicitFileType = wrapper.application; includeInIndex = 0; path = LynxPainter.app; sourceTree = BUILT_PRODUCTS_DIR; };
		E12578501642686C00119C0E /* UIKit.framework */ = {isa = PBXFileReference; lastKnownFileType = wrapper.framework; name = UIKit.framework; path = System/Library/Frameworks/UIKit.framework; sourceTree = SDKROOT; };
		E12578521642686C00119C0E /* Foundation.framework */ = {isa = PBXFileReference; lastKnownFileType = wrapper.framework; name = Foundation.framework; path = System/Library/Frameworks/Foundation.framework; sourceTree = SDKROOT; };
		E12578541642686C00119C0E /* CoreGraphics.framework */ = {isa = PBXFileReference; lastKnownFileType = wrapper.framework; name = CoreGraphics.framework; path = System/Library/Frameworks/CoreGraphics.framework; sourceTree = SDKROOT; };
		E12578581642686C00119C0E /* LynxPainter-Info.plist */ = {isa = PBXFileReference; lastKnownFileType = text.plist.xml; path = "LynxPainter-Info.plist"; sourceTree = "<group>"; };
		E125785A1642686C00119C0E /* en */ = {isa = PBXFileReference; lastKnownFileType = text.plist.strings; name = en; path = en.lproj/InfoPlist.strings; sourceTree = "<group>"; };
		E125785C1642686C00119C0E /* main.m */ = {isa = PBXFileReference; lastKnownFileType = sourcecode.c.objc; path = main.m; sourceTree = "<group>"; };
		E125785E1642686C00119C0E /* LynxPainter-Prefix.pch */ = {isa = PBXFileReference; lastKnownFileType = sourcecode.c.h; path = "LynxPainter-Prefix.pch"; sourceTree = "<group>"; };
		E125785F1642686C00119C0E /* LPAppDelegate.h */ = {isa = PBXFileReference; lastKnownFileType = sourcecode.c.h; path = LPAppDelegate.h; sourceTree = "<group>"; };
		E12578601642686C00119C0E /* LPAppDelegate.m */ = {isa = PBXFileReference; lastKnownFileType = sourcecode.c.objc; path = LPAppDelegate.m; sourceTree = "<group>"; };
		E12578621642686C00119C0E /* Default.png */ = {isa = PBXFileReference; lastKnownFileType = image.png; path = Default.png; sourceTree = "<group>"; };
		E12578641642686C00119C0E /* Default@2x.png */ = {isa = PBXFileReference; lastKnownFileType = image.png; path = "Default@2x.png"; sourceTree = "<group>"; };
		E12578661642686C00119C0E /* Default-568h@2x.png */ = {isa = PBXFileReference; lastKnownFileType = image.png; path = "Default-568h@2x.png"; sourceTree = "<group>"; };
		E1257892164271ED00119C0E /* LPNavigationController.h */ = {isa = PBXFileReference; fileEncoding = 4; lastKnownFileType = sourcecode.c.h; name = LPNavigationController.h; path = Classes/ViewControllers/NavigationController/LPNavigationController.h; sourceTree = "<group>"; };
		E1257893164271ED00119C0E /* LPNavigationController.m */ = {isa = PBXFileReference; fileEncoding = 4; lastKnownFileType = sourcecode.c.objc; name = LPNavigationController.m; path = Classes/ViewControllers/NavigationController/LPNavigationController.m; sourceTree = "<group>"; };
		E125789E1642790500119C0E /* LPOpenedProjectViewController.h */ = {isa = PBXFileReference; fileEncoding = 4; lastKnownFileType = sourcecode.c.h; name = LPOpenedProjectViewController.h; path = Classes/ViewControllers/OpenedProject/LPOpenedProjectViewController.h; sourceTree = "<group>"; };
		E125789F1642790500119C0E /* LPOpenedProjectViewController.m */ = {isa = PBXFileReference; fileEncoding = 4; lastKnownFileType = sourcecode.c.objc; name = LPOpenedProjectViewController.m; path = Classes/ViewControllers/OpenedProject/LPOpenedProjectViewController.m; sourceTree = "<group>"; };
		E12578A01642790500119C0E /* LPOpenedProjectViewController.xib */ = {isa = PBXFileReference; fileEncoding = 4; lastKnownFileType = file.xib; name = LPOpenedProjectViewController.xib; path = Classes/ViewControllers/OpenedProject/LPOpenedProjectViewController.xib; sourceTree = "<group>"; };
		E12578AD16429B3200119C0E /* LPSmartLayer.h */ = {isa = PBXFileReference; fileEncoding = 4; lastKnownFileType = sourcecode.c.h; name = LPSmartLayer.h; path = Classes/Model/SmartLayer/LPSmartLayer.h; sourceTree = "<group>"; };
		E12578AE16429B3200119C0E /* LPSmartLayer.m */ = {isa = PBXFileReference; fileEncoding = 4; lastKnownFileType = sourcecode.c.objc; name = LPSmartLayer.m; path = Classes/Model/SmartLayer/LPSmartLayer.m; sourceTree = "<group>"; };
		E12578B016429F3C00119C0E /* QuartzCore.framework */ = {isa = PBXFileReference; lastKnownFileType = wrapper.framework; name = QuartzCore.framework; path = System/Library/Frameworks/QuartzCore.framework; sourceTree = SDKROOT; };
		E16311BA1670CF1800DA3EA8 /* LPProjectCell.h */ = {isa = PBXFileReference; fileEncoding = 4; lastKnownFileType = sourcecode.c.h; name = LPProjectCell.h; path = Classes/Cells/ProjectCell/LPProjectCell.h; sourceTree = "<group>"; };
		E16311BB1670CF1800DA3EA8 /* LPProjectCell.m */ = {isa = PBXFileReference; fileEncoding = 4; lastKnownFileType = sourcecode.c.objc; name = LPProjectCell.m; path = Classes/Cells/ProjectCell/LPProjectCell.m; sourceTree = "<group>"; };
		E16311BD1670CF3500DA3EA8 /* LPProjectCell.xib */ = {isa = PBXFileReference; fileEncoding = 4; lastKnownFileType = file.xib; name = LPProjectCell.xib; path = Classes/Cells/ProjectCell/LPProjectCell.xib; sourceTree = "<group>"; };
		E16311BF1670D18B00DA3EA8 /* del_project.png */ = {isa = PBXFileReference; lastKnownFileType = image.png; name = del_project.png; path = Images/del_project.png; sourceTree = "<group>"; };
		E16311C01670D18B00DA3EA8 /* del_project@2x.png */ = {isa = PBXFileReference; lastKnownFileType = image.png; name = "del_project@2x.png"; path = "Images/del_project@2x.png"; sourceTree = "<group>"; };
		E16311C41670D7BD00DA3EA8 /* LPLayerData.h */ = {isa = PBXFileReference; fileEncoding = 4; lastKnownFileType = sourcecode.c.h; name = LPLayerData.h; path = Classes/Model/LayerData/LPLayerData.h; sourceTree = "<group>"; };
		E16311C51670D7BD00DA3EA8 /* LPLayerData.m */ = {isa = PBXFileReference; fileEncoding = 4; lastKnownFileType = sourcecode.c.objc; name = LPLayerData.m; path = Classes/Model/LayerData/LPLayerData.m; sourceTree = "<group>"; };
		E17C7A8316515B33009202BA /* LPCloseProjectDialogViewController.h */ = {isa = PBXFileReference; fileEncoding = 4; lastKnownFileType = sourcecode.c.h; name = LPCloseProjectDialogViewController.h; path = Classes/ViewControllers/CloseProjectDialog/LPCloseProjectDialogViewController.h; sourceTree = "<group>"; };
		E17C7A8416515B33009202BA /* LPCloseProjectDialogViewController.m */ = {isa = PBXFileReference; fileEncoding = 4; lastKnownFileType = sourcecode.c.objc; name = LPCloseProjectDialogViewController.m; path = Classes/ViewControllers/CloseProjectDialog/LPCloseProjectDialogViewController.m; sourceTree = "<group>"; };
		E17C7A8516515B33009202BA /* LPCloseProjectDialogViewController.xib */ = {isa = PBXFileReference; fileEncoding = 4; lastKnownFileType = file.xib; name = LPCloseProjectDialogViewController.xib; path = Classes/ViewControllers/CloseProjectDialog/LPCloseProjectDialogViewController.xib; sourceTree = "<group>"; };
/* End PBXFileReference section */

/* Begin PBXFrameworksBuildPhase section */
		E12578491642686C00119C0E /* Frameworks */ = {
			isa = PBXFrameworksBuildPhase;
			buildActionMask = 2147483647;
			files = (
				E12578B116429F3C00119C0E /* QuartzCore.framework in Frameworks */,
				E12578511642686C00119C0E /* UIKit.framework in Frameworks */,
				E12578531642686C00119C0E /* Foundation.framework in Frameworks */,
				E12578551642686C00119C0E /* CoreGraphics.framework in Frameworks */,
			);
			runOnlyForDeploymentPostprocessing = 0;
		};
/* End PBXFrameworksBuildPhase section */

/* Begin PBXGroup section */
		C358B4FF1647BDB50004537E /* Cells */ = {
			isa = PBXGroup;
			children = (
				C3932FFB167A24A800C13475 /* ToolCollCell */,
				E16311B81670CEC000DA3EA8 /* ProjectCell */,
				C38716EA16537ACA005001A7 /* FileCollHeaderCell */,
				C3877A8F1652E96100208CAA /* FileCollCell */,
				C358B5011647BDCE0004537E /* LayerCell */,
			);
			name = Cells;
			sourceTree = "<group>";
		};
		C358B5011647BDCE0004537E /* LayerCell */ = {
			isa = PBXGroup;
			children = (
				C358B5021647BE590004537E /* LPLayerCell.h */,
				C358B5031647BE590004537E /* LPLayerCell.m */,
				C358B5051647BF290004537E /* LPLayerCell.xib */,
			);
			name = LayerCell;
			sourceTree = "<group>";
		};
		C37DF783165193CE00AEAC0B /* ToolsManager */ = {
			isa = PBXGroup;
			children = (
				C37DF7851651942A00AEAC0B /* LPDrawingManagerViewController.h */,
				C37DF7861651942A00AEAC0B /* LPDrawingManagerViewController.m */,
				C37DF7871651942A00AEAC0B /* LPDrawingManagerViewController.xib */,
			);
			name = ToolsManager;
			sourceTree = "<group>";
		};
		C3801394164867A3003C27E3 /* Categories */ = {
			isa = PBXGroup;
			children = (
				C3801395164867B0003C27E3 /* UIView+XIBLoader */,
			);
			name = Categories;
			sourceTree = "<group>";
		};
		C3801395164867B0003C27E3 /* UIView+XIBLoader */ = {
			isa = PBXGroup;
			children = (
				C3801396164867DB003C27E3 /* UIViewController+XIBLoader.h */,
				C3801397164867DB003C27E3 /* UIViewController+XIBLoader.m */,
			);
			name = "UIView+XIBLoader";
			sourceTree = "<group>";
		};
		C380B2E2165975220082F30D /* HistoryManager */ = {
			isa = PBXGroup;
			children = (
				C380B2E4165975A30082F30D /* LPHistoryManager.h */,
				C380B2E5165975A30082F30D /* LPHistoryManager.m */,
			);
			name = HistoryManager;
			sourceTree = "<group>";
		};
		C3818D30164E6A74008620ED /* WorkAreaView */ = {
			isa = PBXGroup;
			children = (
				C3818D32164E6AAF008620ED /* LPWorkAreaView.h */,
				C3818D33164E6AAF008620ED /* LPWorkAreaView.m */,
			);
			name = WorkAreaView;
			sourceTree = "<group>";
		};
		C3818D3D164E95B9008620ED /* External */ = {
			isa = PBXGroup;
			children = (
				E112F2DA165A67200005F559 /* TBXML */,
				C394D5941653AB58008A2A90 /* ybase64 */,
			);
			name = External;
			sourceTree = "<group>";
		};
		C383B4C316479BCB00397907 /* LayersManager */ = {
			isa = PBXGroup;
			children = (
				C383B4C516479DDC00397907 /* LPLayersManagerViewController.h */,
				C383B4C616479DDC00397907 /* LPLayersManagerViewController.m */,
				C383B4C716479DDC00397907 /* LPLayersManagerViewController.xib */,
			);
			name = LayersManager;
			sourceTree = "<group>";
		};
		C384B6FF16470F8600A22AFD /* SmartLayerManager */ = {
			isa = PBXGroup;
			children = (
				C384B70116470FAB00A22AFD /* LPSmartLayerManager.h */,
				C384B70216470FAB00A22AFD /* LPSmartLayerManager.m */,
			);
			name = SmartLayerManager;
			sourceTree = "<group>";
		};
		C384B709164716A400A22AFD /* SmartLayerDelegate */ = {
			isa = PBXGroup;
			children = (
				C384B70A164716C900A22AFD /* LPSmartLayerDelegate.h */,
				C384B70B164716C900A22AFD /* LPSmartLayerDelegate.m */,
			);
			name = SmartLayerDelegate;
			sourceTree = "<group>";
		};
		C38716EA16537ACA005001A7 /* FileCollHeaderCell */ = {
			isa = PBXGroup;
			children = (
				C38716EC16537B2C005001A7 /* LPFileCollHeaderCell.h */,
				C38716ED16537B2C005001A7 /* LPFileCollHeaderCell.m */,
				C38716EF16537B4E005001A7 /* LPFileCollHeaderCell.xib */,
			);
			name = FileCollHeaderCell;
			sourceTree = "<group>";
		};
		C3877A8F1652E96100208CAA /* FileCollCell */ = {
			isa = PBXGroup;
			children = (
				C3877A911652E9AD00208CAA /* LPFileCollCell.h */,
				C3877A921652E9AD00208CAA /* LPFileCollCell.m */,
				C3877A941652E9E000208CAA /* LPFileCollCell.xib */,
			);
			name = FileCollCell;
			sourceTree = "<group>";
		};
		C3877A961652EE6600208CAA /* FileManager */ = {
			isa = PBXGroup;
			children = (
				C3877A971652EE8E00208CAA /* LPFileManager.h */,
				C3877A981652EE8E00208CAA /* LPFileManager.m */,
			);
			name = FileManager;
			sourceTree = "<group>";
		};
		C3877A9A1652EF3A00208CAA /* FileInfo */ = {
			isa = PBXGroup;
			children = (
				C3877A9B1652EF7B00208CAA /* LPFileInfo.h */,
				C3877A9C1652EF7B00208CAA /* LPFileInfo.m */,
			);
			name = FileInfo;
			sourceTree = "<group>";
		};
		C391B5681664AE6000F914DB /* ImagePicker */ = {
			isa = PBXGroup;
			children = (
				C391B56A1664AED500F914DB /* LPImagePickerViewController.h */,
				C391B56B1664AED500F914DB /* LPImagePickerViewController.m */,
			);
			name = ImagePicker;
			sourceTree = "<group>";
		};
		C3932FFB167A24A800C13475 /* ToolCollCell */ = {
			isa = PBXGroup;
			children = (
				C3933002167A269900C13475 /* LPToolCollCell.xib */,
				C3932FFD167A24FB00C13475 /* LPToolCollCell.h */,
				C3932FFE167A24FB00C13475 /* LPToolCollCell.m */,
			);
			name = ToolCollCell;
			sourceTree = "<group>";
		};
		C394D5941653AB58008A2A90 /* ybase64 */ = {
			isa = PBXGroup;
			children = (
				C394D5951653AB6B008A2A90 /* NSData+YBase64String.h */,
				C394D5961653AB6B008A2A90 /* NSData+YBase64String.m */,
				C394D5971653AB6B008A2A90 /* NSString+YBase64toData.h */,
				C394D5981653AB6B008A2A90 /* NSString+YBase64toData.m */,
				C394D5991653AB6B008A2A90 /* ybase64.c */,
				C394D59A1653AB6B008A2A90 /* ybase64.h */,
				C394D59B1653AB6B008A2A90 /* ybase64additions.h */,
				C394D59C1653AB6B008A2A90 /* ydefines.h */,
			);
			name = ybase64;
			sourceTree = "<group>";
		};
		C3A7384F166F84C4005AD0F5 /* Images */ = {
			isa = PBXGroup;
			children = (
				C3933004167A2C3E00C13475 /* brush_tool.png */,
				C3933005167A2C3E00C13475 /* brush_tool@2x.png */,
				C3933006167A2C3E00C13475 /* ellipse_tool.png */,
				C3933007167A2C3E00C13475 /* ellipse_tool@2x.png */,
				C3933008167A2C3E00C13475 /* eraser_tool.png */,
				C3933009167A2C3E00C13475 /* eraser_tool@2x.png */,
				C393300A167A2C3E00C13475 /* line_tool.png */,
				C393300B167A2C3E00C13475 /* line_tool@2x.png */,
				C393300C167A2C3E00C13475 /* move_tool.png */,
				C393300D167A2C3E00C13475 /* move_tool@2x.png */,
				C393300E167A2C3E00C13475 /* rect_tool.png */,
				C393300F167A2C3E00C13475 /* rect_tool@2x.png */,
				C393301E167A2C4800C13475 /* scale_tool.png */,
				C3933010167A2C3E00C13475 /* scale_tool@2x.png */,
				C39EF84F16778851006185EE /* accept_but.png */,
				C39EF85016778851006185EE /* accept_but@2x.png */,
				C39EF85116778851006185EE /* cancel_but.png */,
				C39EF85216778851006185EE /* cancel_but@2x.png */,
				C39EF85316778851006185EE /* editor_topbar_bg.png */,
				C39EF85416778851006185EE /* editor_topbar_bg@2x.png */,
				C39EF85516778851006185EE /* layer_man_icon.png */,
				C39EF85616778851006185EE /* layer_man_icon@2x.png */,
				C39EF85716778851006185EE /* scale_bg.png */,
				C39EF85816778851006185EE /* scale_bg@2x.png */,
				C39EF85916778851006185EE /* tools_icon.png */,
				C39EF85A16778851006185EE /* tools_icon@2x.png */,
				C386643316713155006C2810 /* proj_icon.png */,
				C386643416713155006C2810 /* proj_icon@2x.png */,
				E16311BF1670D18B00DA3EA8 /* del_project.png */,
				E16311C01670D18B00DA3EA8 /* del_project@2x.png */,
				C3A73861166F853E005AD0F5 /* main_back.png */,
				C3A73862166F853E005AD0F5 /* main_back@2x.png */,
				C3A73851166F84E0005AD0F5 /* new_btn_selected.png */,
				C3A73852166F84E0005AD0F5 /* new_btn_selected@2x.png */,
				C3A73853166F84E0005AD0F5 /* new_btn_unselected.png */,
				C3A73854166F84E0005AD0F5 /* new_btn_unselected@2x.png */,
				C3A73855166F84E0005AD0F5 /* open_btn_selected.png */,
				C3A73856166F84E0005AD0F5 /* open_btn_selected@2x.png */,
				C3A73857166F84E0005AD0F5 /* open_btn_unselected.png */,
				C3A73858166F84E0005AD0F5 /* open_btn_unselected@2x.png */,
			);
			name = Images;
			sourceTree = "<group>";
		};
		E101C3EC166CFB0200A9F0E2 /* Home */ = {
			isa = PBXGroup;
			children = (
				E101C3F2166CFBA200A9F0E2 /* LPHomeViewController.h */,
				E101C3F3166CFBA200A9F0E2 /* LPHomeViewController.m */,
				E101C3F4166CFBA200A9F0E2 /* LPHomeViewController.xib */,
			);
			name = Home;
			sourceTree = "<group>";
		};
		E112F2DA165A67200005F559 /* TBXML */ = {
			isa = PBXGroup;
			children = (
				E112F2E0165A7EEE0005F559 /* TBXML.h */,
				E112F2E1165A7EEE0005F559 /* TBXML.m */,
			);
			name = TBXML;
			sourceTree = "<group>";
		};
		E12578411642686C00119C0E = {
			isa = PBXGroup;
			children = (
				E12578561642686C00119C0E /* LynxPainter */,
				E125784F1642686C00119C0E /* Frameworks */,
				E125784D1642686C00119C0E /* Products */,
			);
			sourceTree = "<group>";
		};
		E125784D1642686C00119C0E /* Products */ = {
			isa = PBXGroup;
			children = (
				E125784C1642686C00119C0E /* LynxPainter.app */,
			);
			name = Products;
			sourceTree = "<group>";
		};
		E125784F1642686C00119C0E /* Frameworks */ = {
			isa = PBXGroup;
			children = (
				E12578B016429F3C00119C0E /* QuartzCore.framework */,
				E12578501642686C00119C0E /* UIKit.framework */,
				E12578521642686C00119C0E /* Foundation.framework */,
				E12578541642686C00119C0E /* CoreGraphics.framework */,
			);
			name = Frameworks;
			sourceTree = "<group>";
		};
		E12578561642686C00119C0E /* LynxPainter */ = {
			isa = PBXGroup;
			children = (
				C3A7384F166F84C4005AD0F5 /* Images */,
				E125786D1642687E00119C0E /* Classes */,
				E125785F1642686C00119C0E /* LPAppDelegate.h */,
				E12578601642686C00119C0E /* LPAppDelegate.m */,
				E12578571642686C00119C0E /* Supporting Files */,
			);
			path = LynxPainter;
			sourceTree = "<group>";
		};
		E12578571642686C00119C0E /* Supporting Files */ = {
			isa = PBXGroup;
			children = (
				E12578581642686C00119C0E /* LynxPainter-Info.plist */,
				E12578591642686C00119C0E /* InfoPlist.strings */,
				E125785C1642686C00119C0E /* main.m */,
				E125785E1642686C00119C0E /* LynxPainter-Prefix.pch */,
				E12578621642686C00119C0E /* Default.png */,
				E12578641642686C00119C0E /* Default@2x.png */,
				E12578661642686C00119C0E /* Default-568h@2x.png */,
			);
			name = "Supporting Files";
			sourceTree = "<group>";
		};
		E125786D1642687E00119C0E /* Classes */ = {
			isa = PBXGroup;
			children = (
				C3818D3D164E95B9008620ED /* External */,
				C3801394164867A3003C27E3 /* Categories */,
				C358B4FF1647BDB50004537E /* Cells */,
				E12578AC16429ACD00119C0E /* Model */,
				E12578761642695F00119C0E /* ViewControllers */,
				E125786E164268D300119C0E /* Views */,
			);
			name = Classes;
			sourceTree = "<group>";
		};
		E125786E164268D300119C0E /* Views */ = {
			isa = PBXGroup;
			children = (
				C3818D30164E6A74008620ED /* WorkAreaView */,
			);
			name = Views;
			sourceTree = "<group>";
		};
		E12578761642695F00119C0E /* ViewControllers */ = {
			isa = PBXGroup;
			children = (
				E101C3EC166CFB0200A9F0E2 /* Home */,
				C391B5681664AE6000F914DB /* ImagePicker */,
				C37DF783165193CE00AEAC0B /* ToolsManager */,
				E17C7A8116515AB6009202BA /* CloseProjectDialog */,
				C383B4C316479BCB00397907 /* LayersManager */,
				E125788116426FB600119C0E /* NavigationController */,
				E12578771642696E00119C0E /* Gallery */,
				E12578A31642790B00119C0E /* OpenedProject */,
			);
			name = ViewControllers;
			sourceTree = "<group>";
		};
		E12578771642696E00119C0E /* Gallery */ = {
			isa = PBXGroup;
			children = (
				E101C3ED166CFB5D00A9F0E2 /* LPGalleryViewController.h */,
				E101C3EE166CFB5D00A9F0E2 /* LPGalleryViewController.m */,
				E101C3EF166CFB5D00A9F0E2 /* LPGalleryViewController.xib */,
			);
			name = Gallery;
			sourceTree = "<group>";
		};
		E125788116426FB600119C0E /* NavigationController */ = {
			isa = PBXGroup;
			children = (
				E1257892164271ED00119C0E /* LPNavigationController.h */,
				E1257893164271ED00119C0E /* LPNavigationController.m */,
			);
			name = NavigationController;
			sourceTree = "<group>";
		};
		E12578A31642790B00119C0E /* OpenedProject */ = {
			isa = PBXGroup;
			children = (
				E125789E1642790500119C0E /* LPOpenedProjectViewController.h */,
				E125789F1642790500119C0E /* LPOpenedProjectViewController.m */,
				E12578A01642790500119C0E /* LPOpenedProjectViewController.xib */,
			);
			name = OpenedProject;
			sourceTree = "<group>";
		};
		E12578AC16429ACD00119C0E /* Model */ = {
			isa = PBXGroup;
			children = (
				E16311C31670D79000DA3EA8 /* LayerData */,
				C380B2E2165975220082F30D /* HistoryManager */,
				C3877A9A1652EF3A00208CAA /* FileInfo */,
				C3877A961652EE6600208CAA /* FileManager */,
				C384B709164716A400A22AFD /* SmartLayerDelegate */,
				C384B6FF16470F8600A22AFD /* SmartLayerManager */,
				E12578B21642AB1700119C0E /* SmartLayer */,
			);
			name = Model;
			sourceTree = "<group>";
		};
		E12578B21642AB1700119C0E /* SmartLayer */ = {
			isa = PBXGroup;
			children = (
				E12578AD16429B3200119C0E /* LPSmartLayer.h */,
				E12578AE16429B3200119C0E /* LPSmartLayer.m */,
			);
			name = SmartLayer;
			sourceTree = "<group>";
		};
		E16311B81670CEC000DA3EA8 /* ProjectCell */ = {
			isa = PBXGroup;
			children = (
				E16311BA1670CF1800DA3EA8 /* LPProjectCell.h */,
				E16311BB1670CF1800DA3EA8 /* LPProjectCell.m */,
				E16311BD1670CF3500DA3EA8 /* LPProjectCell.xib */,
			);
			name = ProjectCell;
			sourceTree = "<group>";
		};
		E16311C31670D79000DA3EA8 /* LayerData */ = {
			isa = PBXGroup;
			children = (
				E16311C41670D7BD00DA3EA8 /* LPLayerData.h */,
				E16311C51670D7BD00DA3EA8 /* LPLayerData.m */,
			);
			name = LayerData;
			sourceTree = "<group>";
		};
		E17C7A8116515AB6009202BA /* CloseProjectDialog */ = {
			isa = PBXGroup;
			children = (
				E17C7A8316515B33009202BA /* LPCloseProjectDialogViewController.h */,
				E17C7A8416515B33009202BA /* LPCloseProjectDialogViewController.m */,
				E17C7A8516515B33009202BA /* LPCloseProjectDialogViewController.xib */,
			);
			name = CloseProjectDialog;
			sourceTree = "<group>";
		};
/* End PBXGroup section */

/* Begin PBXNativeTarget section */
		E125784B1642686C00119C0E /* LynxPainter */ = {
			isa = PBXNativeTarget;
			buildConfigurationList = E125786A1642686C00119C0E /* Build configuration list for PBXNativeTarget "LynxPainter" */;
			buildPhases = (
				E12578481642686C00119C0E /* Sources */,
				E12578491642686C00119C0E /* Frameworks */,
				E125784A1642686C00119C0E /* Resources */,
			);
			buildRules = (
			);
			dependencies = (
			);
			name = LynxPainter;
			productName = LynxPainter;
			productReference = E125784C1642686C00119C0E /* LynxPainter.app */;
			productType = "com.apple.product-type.application";
		};
/* End PBXNativeTarget section */

/* Begin PBXProject section */
		E12578431642686C00119C0E /* Project object */ = {
			isa = PBXProject;
			attributes = {
				CLASSPREFIX = LP;
				LastUpgradeCheck = 0450;
				ORGANIZATIONNAME = DmitriyShamaev;
			};
			buildConfigurationList = E12578461642686C00119C0E /* Build configuration list for PBXProject "LynxPainter" */;
			compatibilityVersion = "Xcode 3.2";
			developmentRegion = English;
			hasScannedForEncodings = 0;
			knownRegions = (
				en,
			);
			mainGroup = E12578411642686C00119C0E;
			productRefGroup = E125784D1642686C00119C0E /* Products */;
			projectDirPath = "";
			projectRoot = "";
			targets = (
				E125784B1642686C00119C0E /* LynxPainter */,
			);
		};
/* End PBXProject section */

/* Begin PBXResourcesBuildPhase section */
		E125784A1642686C00119C0E /* Resources */ = {
			isa = PBXResourcesBuildPhase;
			buildActionMask = 2147483647;
			files = (
				E125785B1642686C00119C0E /* InfoPlist.strings in Resources */,
				E12578631642686C00119C0E /* Default.png in Resources */,
				E12578651642686C00119C0E /* Default@2x.png in Resources */,
				E12578671642686C00119C0E /* Default-568h@2x.png in Resources */,
				E12578A21642790500119C0E /* LPOpenedProjectViewController.xib in Resources */,
				C383B4C916479DDC00397907 /* LPLayersManagerViewController.xib in Resources */,
				C358B5061647BF290004537E /* LPLayerCell.xib in Resources */,
				E17C7A8716515B33009202BA /* LPCloseProjectDialogViewController.xib in Resources */,
				C37DF7891651942A00AEAC0B /* LPDrawingManagerViewController.xib in Resources */,
				C3877A951652E9E000208CAA /* LPFileCollCell.xib in Resources */,
				C38716F016537B4E005001A7 /* LPFileCollHeaderCell.xib in Resources */,
				E101C3F1166CFB5D00A9F0E2 /* LPGalleryViewController.xib in Resources */,
				E101C3F6166CFBA200A9F0E2 /* LPHomeViewController.xib in Resources */,
				C3A73859166F84E0005AD0F5 /* new_btn_selected.png in Resources */,
				C3A7385A166F84E0005AD0F5 /* new_btn_selected@2x.png in Resources */,
				C3A7385B166F84E0005AD0F5 /* new_btn_unselected.png in Resources */,
				C3A7385C166F84E0005AD0F5 /* new_btn_unselected@2x.png in Resources */,
				C3A7385D166F84E0005AD0F5 /* open_btn_selected.png in Resources */,
				C3A7385E166F84E0005AD0F5 /* open_btn_selected@2x.png in Resources */,
				C3A7385F166F84E0005AD0F5 /* open_btn_unselected.png in Resources */,
				C3A73860166F84E0005AD0F5 /* open_btn_unselected@2x.png in Resources */,
				C3A73863166F853E005AD0F5 /* main_back.png in Resources */,
				C3A73864166F853E005AD0F5 /* main_back@2x.png in Resources */,
				E16311BE1670CF3500DA3EA8 /* LPProjectCell.xib in Resources */,
				E16311C11670D18B00DA3EA8 /* del_project.png in Resources */,
				E16311C21670D18B00DA3EA8 /* del_project@2x.png in Resources */,
				C386643516713155006C2810 /* proj_icon.png in Resources */,
				C386643616713155006C2810 /* proj_icon@2x.png in Resources */,
				C39EF85B16778851006185EE /* accept_but.png in Resources */,
				C39EF85C16778851006185EE /* accept_but@2x.png in Resources */,
				C39EF85D16778851006185EE /* cancel_but.png in Resources */,
				C39EF85E16778851006185EE /* cancel_but@2x.png in Resources */,
				C39EF85F16778851006185EE /* editor_topbar_bg.png in Resources */,
				C39EF86016778851006185EE /* editor_topbar_bg@2x.png in Resources */,
				C39EF86116778851006185EE /* layer_man_icon.png in Resources */,
				C39EF86216778851006185EE /* layer_man_icon@2x.png in Resources */,
				C39EF86316778851006185EE /* scale_bg.png in Resources */,
				C39EF86416778851006185EE /* scale_bg@2x.png in Resources */,
				C39EF86516778851006185EE /* tools_icon.png in Resources */,
				C39EF86616778851006185EE /* tools_icon@2x.png in Resources */,
				C3933003167A269A00C13475 /* LPToolCollCell.xib in Resources */,
				C3933011167A2C3E00C13475 /* brush_tool.png in Resources */,
				C3933012167A2C3E00C13475 /* brush_tool@2x.png in Resources */,
				C3933013167A2C3E00C13475 /* ellipse_tool.png in Resources */,
				C3933014167A2C3E00C13475 /* ellipse_tool@2x.png in Resources */,
				C3933015167A2C3E00C13475 /* eraser_tool.png in Resources */,
				C3933016167A2C3E00C13475 /* eraser_tool@2x.png in Resources */,
				C3933017167A2C3E00C13475 /* line_tool.png in Resources */,
				C3933018167A2C3E00C13475 /* line_tool@2x.png in Resources */,
				C3933019167A2C3E00C13475 /* move_tool.png in Resources */,
				C393301A167A2C3E00C13475 /* move_tool@2x.png in Resources */,
				C393301B167A2C3E00C13475 /* rect_tool.png in Resources */,
				C393301C167A2C3E00C13475 /* rect_tool@2x.png in Resources */,
				C393301D167A2C3E00C13475 /* scale_tool@2x.png in Resources */,
				C393301F167A2C4800C13475 /* scale_tool.png in Resources */,
			);
			runOnlyForDeploymentPostprocessing = 0;
		};
/* End PBXResourcesBuildPhase section */

/* Begin PBXSourcesBuildPhase section */
		E12578481642686C00119C0E /* Sources */ = {
			isa = PBXSourcesBuildPhase;
			buildActionMask = 2147483647;
			files = (
				E125785D1642686C00119C0E /* main.m in Sources */,
				E12578611642686C00119C0E /* LPAppDelegate.m in Sources */,
				E1257894164271ED00119C0E /* LPNavigationController.m in Sources */,
				E12578A11642790500119C0E /* LPOpenedProjectViewController.m in Sources */,
				E12578AF16429B3200119C0E /* LPSmartLayer.m in Sources */,
				C384B70316470FAB00A22AFD /* LPSmartLayerManager.m in Sources */,
				C384B70C164716C900A22AFD /* LPSmartLayerDelegate.m in Sources */,
				C383B4C816479DDC00397907 /* LPLayersManagerViewController.m in Sources */,
				C358B5041647BE590004537E /* LPLayerCell.m in Sources */,
				C3801398164867DB003C27E3 /* UIViewController+XIBLoader.m in Sources */,
				C3818D34164E6AAF008620ED /* LPWorkAreaView.m in Sources */,
				E17C7A8616515B33009202BA /* LPCloseProjectDialogViewController.m in Sources */,
				C37DF7881651942A00AEAC0B /* LPDrawingManagerViewController.m in Sources */,
				C3877A931652E9AD00208CAA /* LPFileCollCell.m in Sources */,
				C3877A991652EE8E00208CAA /* LPFileManager.m in Sources */,
				C3877A9D1652EF7B00208CAA /* LPFileInfo.m in Sources */,
				C38716EE16537B2C005001A7 /* LPFileCollHeaderCell.m in Sources */,
				C394D59D1653AB6B008A2A90 /* NSData+YBase64String.m in Sources */,
				C394D59E1653AB6B008A2A90 /* NSString+YBase64toData.m in Sources */,
				C394D59F1653AB6B008A2A90 /* ybase64.c in Sources */,
				C380B2E6165975A30082F30D /* LPHistoryManager.m in Sources */,
				E112F2E4165A7EEE0005F559 /* TBXML.m in Sources */,
				C391B56C1664AED500F914DB /* LPImagePickerViewController.m in Sources */,
				E101C3F0166CFB5D00A9F0E2 /* LPGalleryViewController.m in Sources */,
				E101C3F5166CFBA200A9F0E2 /* LPHomeViewController.m in Sources */,
				E16311BC1670CF1800DA3EA8 /* LPProjectCell.m in Sources */,
				E16311C61670D7BD00DA3EA8 /* LPLayerData.m in Sources */,
				C3932FFF167A24FB00C13475 /* LPToolCollCell.m in Sources */,
			);
			runOnlyForDeploymentPostprocessing = 0;
		};
/* End PBXSourcesBuildPhase section */

/* Begin PBXVariantGroup section */
		E12578591642686C00119C0E /* InfoPlist.strings */ = {
			isa = PBXVariantGroup;
			children = (
				E125785A1642686C00119C0E /* en */,
			);
			name = InfoPlist.strings;
			sourceTree = "<group>";
		};
/* End PBXVariantGroup section */

/* Begin XCBuildConfiguration section */
		E12578681642686C00119C0E /* Debug */ = {
			isa = XCBuildConfiguration;
			buildSettings = {
				ALWAYS_SEARCH_USER_PATHS = NO;
				CLANG_CXX_LANGUAGE_STANDARD = "gnu++0x";
				CLANG_CXX_LIBRARY = "libc++";
				CLANG_ENABLE_OBJC_ARC = YES;
				CLANG_WARN_EMPTY_BODY = YES;
				CLANG_WARN__DUPLICATE_METHOD_MATCH = YES;
				"CODE_SIGN_IDENTITY[sdk=iphoneos*]" = "iPhone Developer";
				COPY_PHASE_STRIP = NO;
				GCC_C_LANGUAGE_STANDARD = gnu99;
				GCC_DYNAMIC_NO_PIC = NO;
				GCC_OPTIMIZATION_LEVEL = 0;
				GCC_PREPROCESSOR_DEFINITIONS = (
					"DEBUG=1",
					"$(inherited)",
				);
				GCC_SYMBOLS_PRIVATE_EXTERN = NO;
				GCC_WARN_ABOUT_RETURN_TYPE = YES;
				GCC_WARN_UNINITIALIZED_AUTOS = YES;
				GCC_WARN_UNUSED_VARIABLE = YES;
				IPHONEOS_DEPLOYMENT_TARGET = 6.0;
				ONLY_ACTIVE_ARCH = YES;
				"PROVISIONING_PROFILE[sdk=iphoneos*]" = "";
				SDKROOT = iphoneos;
				TARGETED_DEVICE_FAMILY = 2;
			};
			name = Debug;
		};
		E12578691642686C00119C0E /* Release */ = {
			isa = XCBuildConfiguration;
			buildSettings = {
				ALWAYS_SEARCH_USER_PATHS = NO;
				CLANG_CXX_LANGUAGE_STANDARD = "gnu++0x";
				CLANG_CXX_LIBRARY = "libc++";
				CLANG_ENABLE_OBJC_ARC = YES;
				CLANG_WARN_EMPTY_BODY = YES;
				CLANG_WARN__DUPLICATE_METHOD_MATCH = YES;
				"CODE_SIGN_IDENTITY[sdk=iphoneos*]" = "iPhone Developer";
				COPY_PHASE_STRIP = YES;
				GCC_C_LANGUAGE_STANDARD = gnu99;
				GCC_WARN_ABOUT_RETURN_TYPE = YES;
				GCC_WARN_UNINITIALIZED_AUTOS = YES;
				GCC_WARN_UNUSED_VARIABLE = YES;
				IPHONEOS_DEPLOYMENT_TARGET = 6.0;
				OTHER_CFLAGS = "-DNS_BLOCK_ASSERTIONS=1";
				"PROVISIONING_PROFILE[sdk=iphoneos*]" = "";
				SDKROOT = iphoneos;
				TARGETED_DEVICE_FAMILY = 2;
				VALIDATE_PRODUCT = YES;
			};
			name = Release;
		};
		E125786B1642686C00119C0E /* Debug */ = {
			isa = XCBuildConfiguration;
			buildSettings = {
				GCC_PRECOMPILE_PREFIX_HEADER = YES;
				GCC_PREFIX_HEADER = "LynxPainter/LynxPainter-Prefix.pch";
				INFOPLIST_FILE = "LynxPainter/LynxPainter-Info.plist";
				PRODUCT_NAME = "$(TARGET_NAME)";
				WRAPPER_EXTENSION = app;
			};
			name = Debug;
		};
		E125786C1642686C00119C0E /* Release */ = {
			isa = XCBuildConfiguration;
			buildSettings = {
				GCC_PRECOMPILE_PREFIX_HEADER = YES;
				GCC_PREFIX_HEADER = "LynxPainter/LynxPainter-Prefix.pch";
				INFOPLIST_FILE = "LynxPainter/LynxPainter-Info.plist";
				PRODUCT_NAME = "$(TARGET_NAME)";
				WRAPPER_EXTENSION = app;
			};
			name = Release;
		};
/* End XCBuildConfiguration section */

/* Begin XCConfigurationList section */
		E12578461642686C00119C0E /* Build configuration list for PBXProject "LynxPainter" */ = {
			isa = XCConfigurationList;
			buildConfigurations = (
				E12578681642686C00119C0E /* Debug */,
				E12578691642686C00119C0E /* Release */,
			);
			defaultConfigurationIsVisible = 0;
			defaultConfigurationName = Release;
		};
		E125786A1642686C00119C0E /* Build configuration list for PBXNativeTarget "LynxPainter" */ = {
			isa = XCConfigurationList;
			buildConfigurations = (
				E125786B1642686C00119C0E /* Debug */,
				E125786C1642686C00119C0E /* Release */,
			);
			defaultConfigurationIsVisible = 0;
			defaultConfigurationName = Release;
		};
/* End XCConfigurationList section */
	};
	rootObject = E12578431642686C00119C0E /* Project object */;
}
